// !$*UTF8*$!
{
	archiveVersion = 1;
	classes = {
	};
	objectVersion = 56;
	objects = {

/* Begin PBXBuildFile section */
		5A4CA1842C9135B500AE80DF /* AppDelegate.swift in Sources */ = {isa = PBXBuildFile; fileRef = 5A4CA1832C9135B500AE80DF /* AppDelegate.swift */; };
		5A4CA1862C9135B500AE80DF /* SceneDelegate.swift in Sources */ = {isa = PBXBuildFile; fileRef = 5A4CA1852C9135B500AE80DF /* SceneDelegate.swift */; };
		5A4CA18B2C9135B500AE80DF /* Base in Resources */ = {isa = PBXBuildFile; fileRef = 5A4CA18A2C9135B500AE80DF /* Base */; };
		5A4CA18D2C9135B600AE80DF /* Assets.xcassets in Resources */ = {isa = PBXBuildFile; fileRef = 5A4CA18C2C9135B600AE80DF /* Assets.xcassets */; };
		5A4CA1902C9135B600AE80DF /* Base in Resources */ = {isa = PBXBuildFile; fileRef = 5A4CA18F2C9135B600AE80DF /* Base */; };
		5A4CA19B2C9135B600AE80DF /* YomakaseTests.swift in Sources */ = {isa = PBXBuildFile; fileRef = 5A4CA19A2C9135B600AE80DF /* YomakaseTests.swift */; };
		5A4CA1A52C9135B600AE80DF /* YomakaseUITests.swift in Sources */ = {isa = PBXBuildFile; fileRef = 5A4CA1A42C9135B600AE80DF /* YomakaseUITests.swift */; };
		5A4CA1A72C9135B600AE80DF /* YomakaseUITestsLaunchTests.swift in Sources */ = {isa = PBXBuildFile; fileRef = 5A4CA1A62C9135B600AE80DF /* YomakaseUITestsLaunchTests.swift */; };
		5A4CA1BE2C91389400AE80DF /* LoginViewController.swift in Sources */ = {isa = PBXBuildFile; fileRef = 5A4CA1BD2C91389400AE80DF /* LoginViewController.swift */; };
		5A4CA1C12C9138EE00AE80DF /* FloatingLabelTextField.swift in Sources */ = {isa = PBXBuildFile; fileRef = 5A4CA1C02C9138EE00AE80DF /* FloatingLabelTextField.swift */; };
/* End PBXBuildFile section */

/* Begin PBXContainerItemProxy section */
		5A4CA1972C9135B600AE80DF /* PBXContainerItemProxy */ = {
			isa = PBXContainerItemProxy;
			containerPortal = 5A4CA1782C9135B500AE80DF /* Project object */;
			proxyType = 1;
			remoteGlobalIDString = 5A4CA17F2C9135B500AE80DF;
			remoteInfo = Yomakase;
		};
		5A4CA1A12C9135B600AE80DF /* PBXContainerItemProxy */ = {
			isa = PBXContainerItemProxy;
			containerPortal = 5A4CA1782C9135B500AE80DF /* Project object */;
			proxyType = 1;
			remoteGlobalIDString = 5A4CA17F2C9135B500AE80DF;
			remoteInfo = Yomakase;
		};
/* End PBXContainerItemProxy section */

/* Begin PBXFileReference section */
		5A4CA1802C9135B500AE80DF /* Yomakase.app */ = {isa = PBXFileReference; explicitFileType = wrapper.application; includeInIndex = 0; path = Yomakase.app; sourceTree = BUILT_PRODUCTS_DIR; };
		5A4CA1832C9135B500AE80DF /* AppDelegate.swift */ = {isa = PBXFileReference; lastKnownFileType = sourcecode.swift; path = AppDelegate.swift; sourceTree = "<group>"; };
		5A4CA1852C9135B500AE80DF /* SceneDelegate.swift */ = {isa = PBXFileReference; lastKnownFileType = sourcecode.swift; path = SceneDelegate.swift; sourceTree = "<group>"; };
		5A4CA18A2C9135B500AE80DF /* Base */ = {isa = PBXFileReference; lastKnownFileType = file.storyboard; name = Base; path = Base.lproj/Main.storyboard; sourceTree = "<group>"; };
		5A4CA18C2C9135B600AE80DF /* Assets.xcassets */ = {isa = PBXFileReference; lastKnownFileType = folder.assetcatalog; path = Assets.xcassets; sourceTree = "<group>"; };
		5A4CA18F2C9135B600AE80DF /* Base */ = {isa = PBXFileReference; lastKnownFileType = file.storyboard; name = Base; path = Base.lproj/LaunchScreen.storyboard; sourceTree = "<group>"; };
		5A4CA1912C9135B600AE80DF /* Info.plist */ = {isa = PBXFileReference; lastKnownFileType = text.plist.xml; path = Info.plist; sourceTree = "<group>"; };
		5A4CA1962C9135B600AE80DF /* YomakaseTests.xctest */ = {isa = PBXFileReference; explicitFileType = wrapper.cfbundle; includeInIndex = 0; path = YomakaseTests.xctest; sourceTree = BUILT_PRODUCTS_DIR; };
		5A4CA19A2C9135B600AE80DF /* YomakaseTests.swift */ = {isa = PBXFileReference; lastKnownFileType = sourcecode.swift; path = YomakaseTests.swift; sourceTree = "<group>"; };
		5A4CA1A02C9135B600AE80DF /* YomakaseUITests.xctest */ = {isa = PBXFileReference; explicitFileType = wrapper.cfbundle; includeInIndex = 0; path = YomakaseUITests.xctest; sourceTree = BUILT_PRODUCTS_DIR; };
		5A4CA1A42C9135B600AE80DF /* YomakaseUITests.swift */ = {isa = PBXFileReference; lastKnownFileType = sourcecode.swift; path = YomakaseUITests.swift; sourceTree = "<group>"; };
		5A4CA1A62C9135B600AE80DF /* YomakaseUITestsLaunchTests.swift */ = {isa = PBXFileReference; lastKnownFileType = sourcecode.swift; path = YomakaseUITestsLaunchTests.swift; sourceTree = "<group>"; };
		5A4CA1BD2C91389400AE80DF /* LoginViewController.swift */ = {isa = PBXFileReference; fileEncoding = 4; lastKnownFileType = sourcecode.swift; path = LoginViewController.swift; sourceTree = "<group>"; };
		5A4CA1C02C9138EE00AE80DF /* FloatingLabelTextField.swift */ = {isa = PBXFileReference; fileEncoding = 4; lastKnownFileType = sourcecode.swift; path = FloatingLabelTextField.swift; sourceTree = "<group>"; };
/* End PBXFileReference section */

/* Begin PBXFrameworksBuildPhase section */
		5A4CA17D2C9135B500AE80DF /* Frameworks */ = {
			isa = PBXFrameworksBuildPhase;
			buildActionMask = 2147483647;
			files = (
			);
			runOnlyForDeploymentPostprocessing = 0;
		};
		5A4CA1932C9135B600AE80DF /* Frameworks */ = {
			isa = PBXFrameworksBuildPhase;
			buildActionMask = 2147483647;
			files = (
			);
			runOnlyForDeploymentPostprocessing = 0;
		};
		5A4CA19D2C9135B600AE80DF /* Frameworks */ = {
			isa = PBXFrameworksBuildPhase;
			buildActionMask = 2147483647;
			files = (
			);
			runOnlyForDeploymentPostprocessing = 0;
		};
/* End PBXFrameworksBuildPhase section */

/* Begin PBXGroup section */
		5A4CA1772C9135B500AE80DF = {
			isa = PBXGroup;
			children = (
				5A4CA1822C9135B500AE80DF /* Yomakase */,
				5A4CA1992C9135B600AE80DF /* YomakaseTests */,
				5A4CA1A32C9135B600AE80DF /* YomakaseUITests */,
				5A4CA1812C9135B500AE80DF /* Products */,
			);
			sourceTree = "<group>";
		};
		5A4CA1812C9135B500AE80DF /* Products */ = {
			isa = PBXGroup;
			children = (
				5A4CA1802C9135B500AE80DF /* Yomakase.app */,
				5A4CA1962C9135B600AE80DF /* YomakaseTests.xctest */,
				5A4CA1A02C9135B600AE80DF /* YomakaseUITests.xctest */,
			);
			name = Products;
			sourceTree = "<group>";
		};
		5A4CA1822C9135B500AE80DF /* Yomakase */ = {
			isa = PBXGroup;
			children = (
				5A4CA1BC2C91387700AE80DF /* ViewController */,
				5A4CA1832C9135B500AE80DF /* AppDelegate.swift */,
				5A4CA1852C9135B500AE80DF /* SceneDelegate.swift */,
				5A4CA1892C9135B500AE80DF /* Main.storyboard */,
				5A4CA18C2C9135B600AE80DF /* Assets.xcassets */,
				5A4CA18E2C9135B600AE80DF /* LaunchScreen.storyboard */,
				5A4CA1912C9135B600AE80DF /* Info.plist */,
			);
			path = Yomakase;
			sourceTree = "<group>";
		};
		5A4CA1992C9135B600AE80DF /* YomakaseTests */ = {
			isa = PBXGroup;
			children = (
				5A4CA19A2C9135B600AE80DF /* YomakaseTests.swift */,
			);
			path = YomakaseTests;
			sourceTree = "<group>";
		};
		5A4CA1A32C9135B600AE80DF /* YomakaseUITests */ = {
			isa = PBXGroup;
			children = (
				5A4CA1A42C9135B600AE80DF /* YomakaseUITests.swift */,
				5A4CA1A62C9135B600AE80DF /* YomakaseUITestsLaunchTests.swift */,
			);
			path = YomakaseUITests;
			sourceTree = "<group>";
		};
		5A4CA1BC2C91387700AE80DF /* ViewController */ = {
			isa = PBXGroup;
			children = (
				5A4CA1BF2C9138D500AE80DF /* TextField */,
				5A4CA1BD2C91389400AE80DF /* LoginViewController.swift */,
			);
			path = ViewController;
			sourceTree = "<group>";
		};
		5A4CA1BF2C9138D500AE80DF /* TextField */ = {
			isa = PBXGroup;
			children = (
				5A4CA1C02C9138EE00AE80DF /* FloatingLabelTextField.swift */,
			);
			path = TextField;
			sourceTree = "<group>";
		};
/* End PBXGroup section */

/* Begin PBXNativeTarget section */
		5A4CA17F2C9135B500AE80DF /* Yomakase */ = {
			isa = PBXNativeTarget;
			buildConfigurationList = 5A4CA1AA2C9135B600AE80DF /* Build configuration list for PBXNativeTarget "Yomakase" */;
			buildPhases = (
				5A4CA17C2C9135B500AE80DF /* Sources */,
				5A4CA17D2C9135B500AE80DF /* Frameworks */,
				5A4CA17E2C9135B500AE80DF /* Resources */,
			);
			buildRules = (
			);
			dependencies = (
			);
			name = Yomakase;
			productName = Yomakase;
			productReference = 5A4CA1802C9135B500AE80DF /* Yomakase.app */;
			productType = "com.apple.product-type.application";
		};
		5A4CA1952C9135B600AE80DF /* YomakaseTests */ = {
			isa = PBXNativeTarget;
			buildConfigurationList = 5A4CA1AD2C9135B600AE80DF /* Build configuration list for PBXNativeTarget "YomakaseTests" */;
			buildPhases = (
				5A4CA1922C9135B600AE80DF /* Sources */,
				5A4CA1932C9135B600AE80DF /* Frameworks */,
				5A4CA1942C9135B600AE80DF /* Resources */,
			);
			buildRules = (
			);
			dependencies = (
				5A4CA1982C9135B600AE80DF /* PBXTargetDependency */,
			);
			name = YomakaseTests;
			productName = YomakaseTests;
			productReference = 5A4CA1962C9135B600AE80DF /* YomakaseTests.xctest */;
			productType = "com.apple.product-type.bundle.unit-test";
		};
		5A4CA19F2C9135B600AE80DF /* YomakaseUITests */ = {
			isa = PBXNativeTarget;
			buildConfigurationList = 5A4CA1B02C9135B600AE80DF /* Build configuration list for PBXNativeTarget "YomakaseUITests" */;
			buildPhases = (
				5A4CA19C2C9135B600AE80DF /* Sources */,
				5A4CA19D2C9135B600AE80DF /* Frameworks */,
				5A4CA19E2C9135B600AE80DF /* Resources */,
			);
			buildRules = (
			);
			dependencies = (
				5A4CA1A22C9135B600AE80DF /* PBXTargetDependency */,
			);
			name = YomakaseUITests;
			productName = YomakaseUITests;
			productReference = 5A4CA1A02C9135B600AE80DF /* YomakaseUITests.xctest */;
			productType = "com.apple.product-type.bundle.ui-testing";
		};
/* End PBXNativeTarget section */

/* Begin PBXProject section */
		5A4CA1782C9135B500AE80DF /* Project object */ = {
			isa = PBXProject;
			attributes = {
				BuildIndependentTargetsInParallel = 1;
				LastSwiftUpdateCheck = 1540;
				LastUpgradeCheck = 1540;
				TargetAttributes = {
					5A4CA17F2C9135B500AE80DF = {
						CreatedOnToolsVersion = 15.4;
					};
					5A4CA1952C9135B600AE80DF = {
						CreatedOnToolsVersion = 15.4;
						TestTargetID = 5A4CA17F2C9135B500AE80DF;
					};
					5A4CA19F2C9135B600AE80DF = {
						CreatedOnToolsVersion = 15.4;
						TestTargetID = 5A4CA17F2C9135B500AE80DF;
					};
				};
			};
			buildConfigurationList = 5A4CA17B2C9135B500AE80DF /* Build configuration list for PBXProject "Yomakase" */;
			compatibilityVersion = "Xcode 14.0";
			developmentRegion = en;
			hasScannedForEncodings = 0;
			knownRegions = (
				en,
				Base,
			);
			mainGroup = 5A4CA1772C9135B500AE80DF;
			productRefGroup = 5A4CA1812C9135B500AE80DF /* Products */;
			projectDirPath = "";
			projectRoot = "";
			targets = (
				5A4CA17F2C9135B500AE80DF /* Yomakase */,
				5A4CA1952C9135B600AE80DF /* YomakaseTests */,
				5A4CA19F2C9135B600AE80DF /* YomakaseUITests */,
			);
		};
/* End PBXProject section */

/* Begin PBXResourcesBuildPhase section */
		5A4CA17E2C9135B500AE80DF /* Resources */ = {
			isa = PBXResourcesBuildPhase;
			buildActionMask = 2147483647;
			files = (
				5A4CA18D2C9135B600AE80DF /* Assets.xcassets in Resources */,
				5A4CA1902C9135B600AE80DF /* Base in Resources */,
				5A4CA18B2C9135B500AE80DF /* Base in Resources */,
			);
			runOnlyForDeploymentPostprocessing = 0;
		};
		5A4CA1942C9135B600AE80DF /* Resources */ = {
			isa = PBXResourcesBuildPhase;
			buildActionMask = 2147483647;
			files = (
			);
			runOnlyForDeploymentPostprocessing = 0;
		};
		5A4CA19E2C9135B600AE80DF /* Resources */ = {
			isa = PBXResourcesBuildPhase;
			buildActionMask = 2147483647;
			files = (
			);
			runOnlyForDeploymentPostprocessing = 0;
		};
/* End PBXResourcesBuildPhase section */

/* Begin PBXSourcesBuildPhase section */
		5A4CA17C2C9135B500AE80DF /* Sources */ = {
			isa = PBXSourcesBuildPhase;
			buildActionMask = 2147483647;
			files = (
				5A4CA1BE2C91389400AE80DF /* LoginViewController.swift in Sources */,
				5A4CA1842C9135B500AE80DF /* AppDelegate.swift in Sources */,
				5A4CA1862C9135B500AE80DF /* SceneDelegate.swift in Sources */,
				5A4CA1C12C9138EE00AE80DF /* FloatingLabelTextField.swift in Sources */,
			);
			runOnlyForDeploymentPostprocessing = 0;
		};
		5A4CA1922C9135B600AE80DF /* Sources */ = {
			isa = PBXSourcesBuildPhase;
			buildActionMask = 2147483647;
			files = (
				5A4CA19B2C9135B600AE80DF /* YomakaseTests.swift in Sources */,
			);
			runOnlyForDeploymentPostprocessing = 0;
		};
		5A4CA19C2C9135B600AE80DF /* Sources */ = {
			isa = PBXSourcesBuildPhase;
			buildActionMask = 2147483647;
			files = (
				5A4CA1A72C9135B600AE80DF /* YomakaseUITestsLaunchTests.swift in Sources */,
				5A4CA1A52C9135B600AE80DF /* YomakaseUITests.swift in Sources */,
			);
			runOnlyForDeploymentPostprocessing = 0;
		};
/* End PBXSourcesBuildPhase section */

/* Begin PBXTargetDependency section */
		5A4CA1982C9135B600AE80DF /* PBXTargetDependency */ = {
			isa = PBXTargetDependency;
			target = 5A4CA17F2C9135B500AE80DF /* Yomakase */;
			targetProxy = 5A4CA1972C9135B600AE80DF /* PBXContainerItemProxy */;
		};
		5A4CA1A22C9135B600AE80DF /* PBXTargetDependency */ = {
			isa = PBXTargetDependency;
			target = 5A4CA17F2C9135B500AE80DF /* Yomakase */;
			targetProxy = 5A4CA1A12C9135B600AE80DF /* PBXContainerItemProxy */;
		};
/* End PBXTargetDependency section */

/* Begin PBXVariantGroup section */
		5A4CA1892C9135B500AE80DF /* Main.storyboard */ = {
			isa = PBXVariantGroup;
			children = (
				5A4CA18A2C9135B500AE80DF /* Base */,
			);
			name = Main.storyboard;
			sourceTree = "<group>";
		};
		5A4CA18E2C9135B600AE80DF /* LaunchScreen.storyboard */ = {
			isa = PBXVariantGroup;
			children = (
				5A4CA18F2C9135B600AE80DF /* Base */,
			);
			name = LaunchScreen.storyboard;
			sourceTree = "<group>";
		};
/* End PBXVariantGroup section */

/* Begin XCBuildConfiguration section */
		5A4CA1A82C9135B600AE80DF /* Debug */ = {
			isa = XCBuildConfiguration;
			buildSettings = {
				ALWAYS_SEARCH_USER_PATHS = NO;
				ASSETCATALOG_COMPILER_GENERATE_SWIFT_ASSET_SYMBOL_EXTENSIONS = YES;
				CLANG_ANALYZER_NONNULL = YES;
				CLANG_ANALYZER_NUMBER_OBJECT_CONVERSION = YES_AGGRESSIVE;
				CLANG_CXX_LANGUAGE_STANDARD = "gnu++20";
				CLANG_ENABLE_MODULES = YES;
				CLANG_ENABLE_OBJC_ARC = YES;
				CLANG_ENABLE_OBJC_WEAK = YES;
				CLANG_WARN_BLOCK_CAPTURE_AUTORELEASING = YES;
				CLANG_WARN_BOOL_CONVERSION = YES;
				CLANG_WARN_COMMA = YES;
				CLANG_WARN_CONSTANT_CONVERSION = YES;
				CLANG_WARN_DEPRECATED_OBJC_IMPLEMENTATIONS = YES;
				CLANG_WARN_DIRECT_OBJC_ISA_USAGE = YES_ERROR;
				CLANG_WARN_DOCUMENTATION_COMMENTS = YES;
				CLANG_WARN_EMPTY_BODY = YES;
				CLANG_WARN_ENUM_CONVERSION = YES;
				CLANG_WARN_INFINITE_RECURSION = YES;
				CLANG_WARN_INT_CONVERSION = YES;
				CLANG_WARN_NON_LITERAL_NULL_CONVERSION = YES;
				CLANG_WARN_OBJC_IMPLICIT_RETAIN_SELF = YES;
				CLANG_WARN_OBJC_LITERAL_CONVERSION = YES;
				CLANG_WARN_OBJC_ROOT_CLASS = YES_ERROR;
				CLANG_WARN_QUOTED_INCLUDE_IN_FRAMEWORK_HEADER = YES;
				CLANG_WARN_RANGE_LOOP_ANALYSIS = YES;
				CLANG_WARN_STRICT_PROTOTYPES = YES;
				CLANG_WARN_SUSPICIOUS_MOVE = YES;
				CLANG_WARN_UNGUARDED_AVAILABILITY = YES_AGGRESSIVE;
				CLANG_WARN_UNREACHABLE_CODE = YES;
				CLANG_WARN__DUPLICATE_METHOD_MATCH = YES;
				COPY_PHASE_STRIP = NO;
				DEBUG_INFORMATION_FORMAT = dwarf;
				ENABLE_STRICT_OBJC_MSGSEND = YES;
				ENABLE_TESTABILITY = YES;
				ENABLE_USER_SCRIPT_SANDBOXING = YES;
				GCC_C_LANGUAGE_STANDARD = gnu17;
				GCC_DYNAMIC_NO_PIC = NO;
				GCC_NO_COMMON_BLOCKS = YES;
				GCC_OPTIMIZATION_LEVEL = 0;
				GCC_PREPROCESSOR_DEFINITIONS = (
					"DEBUG=1",
					"$(inherited)",
				);
				GCC_WARN_64_TO_32_BIT_CONVERSION = YES;
				GCC_WARN_ABOUT_RETURN_TYPE = YES_ERROR;
				GCC_WARN_UNDECLARED_SELECTOR = YES;
				GCC_WARN_UNINITIALIZED_AUTOS = YES_AGGRESSIVE;
				GCC_WARN_UNUSED_FUNCTION = YES;
				GCC_WARN_UNUSED_VARIABLE = YES;
				IPHONEOS_DEPLOYMENT_TARGET = 17.5;
				LOCALIZATION_PREFERS_STRING_CATALOGS = YES;
				MTL_ENABLE_DEBUG_INFO = INCLUDE_SOURCE;
				MTL_FAST_MATH = YES;
				ONLY_ACTIVE_ARCH = YES;
				SDKROOT = iphoneos;
				SWIFT_ACTIVE_COMPILATION_CONDITIONS = "DEBUG $(inherited)";
				SWIFT_OPTIMIZATION_LEVEL = "-Onone";
			};
			name = Debug;
		};
		5A4CA1A92C9135B600AE80DF /* Release */ = {
			isa = XCBuildConfiguration;
			buildSettings = {
				ALWAYS_SEARCH_USER_PATHS = NO;
				ASSETCATALOG_COMPILER_GENERATE_SWIFT_ASSET_SYMBOL_EXTENSIONS = YES;
				CLANG_ANALYZER_NONNULL = YES;
				CLANG_ANALYZER_NUMBER_OBJECT_CONVERSION = YES_AGGRESSIVE;
				CLANG_CXX_LANGUAGE_STANDARD = "gnu++20";
				CLANG_ENABLE_MODULES = YES;
				CLANG_ENABLE_OBJC_ARC = YES;
				CLANG_ENABLE_OBJC_WEAK = YES;
				CLANG_WARN_BLOCK_CAPTURE_AUTORELEASING = YES;
				CLANG_WARN_BOOL_CONVERSION = YES;
				CLANG_WARN_COMMA = YES;
				CLANG_WARN_CONSTANT_CONVERSION = YES;
				CLANG_WARN_DEPRECATED_OBJC_IMPLEMENTATIONS = YES;
				CLANG_WARN_DIRECT_OBJC_ISA_USAGE = YES_ERROR;
				CLANG_WARN_DOCUMENTATION_COMMENTS = YES;
				CLANG_WARN_EMPTY_BODY = YES;
				CLANG_WARN_ENUM_CONVERSION = YES;
				CLANG_WARN_INFINITE_RECURSION = YES;
				CLANG_WARN_INT_CONVERSION = YES;
				CLANG_WARN_NON_LITERAL_NULL_CONVERSION = YES;
				CLANG_WARN_OBJC_IMPLICIT_RETAIN_SELF = YES;
				CLANG_WARN_OBJC_LITERAL_CONVERSION = YES;
				CLANG_WARN_OBJC_ROOT_CLASS = YES_ERROR;
				CLANG_WARN_QUOTED_INCLUDE_IN_FRAMEWORK_HEADER = YES;
				CLANG_WARN_RANGE_LOOP_ANALYSIS = YES;
				CLANG_WARN_STRICT_PROTOTYPES = YES;
				CLANG_WARN_SUSPICIOUS_MOVE = YES;
				CLANG_WARN_UNGUARDED_AVAILABILITY = YES_AGGRESSIVE;
				CLANG_WARN_UNREACHABLE_CODE = YES;
				CLANG_WARN__DUPLICATE_METHOD_MATCH = YES;
				COPY_PHASE_STRIP = NO;
				DEBUG_INFORMATION_FORMAT = "dwarf-with-dsym";
				ENABLE_NS_ASSERTIONS = NO;
				ENABLE_STRICT_OBJC_MSGSEND = YES;
				ENABLE_USER_SCRIPT_SANDBOXING = YES;
				GCC_C_LANGUAGE_STANDARD = gnu17;
				GCC_NO_COMMON_BLOCKS = YES;
				GCC_WARN_64_TO_32_BIT_CONVERSION = YES;
				GCC_WARN_ABOUT_RETURN_TYPE = YES_ERROR;
				GCC_WARN_UNDECLARED_SELECTOR = YES;
				GCC_WARN_UNINITIALIZED_AUTOS = YES_AGGRESSIVE;
				GCC_WARN_UNUSED_FUNCTION = YES;
				GCC_WARN_UNUSED_VARIABLE = YES;
				IPHONEOS_DEPLOYMENT_TARGET = 17.5;
				LOCALIZATION_PREFERS_STRING_CATALOGS = YES;
				MTL_ENABLE_DEBUG_INFO = NO;
				MTL_FAST_MATH = YES;
				SDKROOT = iphoneos;
				SWIFT_COMPILATION_MODE = wholemodule;
				VALIDATE_PRODUCT = YES;
			};
			name = Release;
		};
		5A4CA1AB2C9135B600AE80DF /* Debug */ = {
			isa = XCBuildConfiguration;
			buildSettings = {
				ASSETCATALOG_COMPILER_APPICON_NAME = AppIcon;
				ASSETCATALOG_COMPILER_GLOBAL_ACCENT_COLOR_NAME = AccentColor;
				CODE_SIGN_STYLE = Automatic;
				CURRENT_PROJECT_VERSION = 1;
				GENERATE_INFOPLIST_FILE = YES;
				INFOPLIST_FILE = Yomakase/Info.plist;
				INFOPLIST_KEY_UIApplicationSupportsIndirectInputEvents = YES;
				INFOPLIST_KEY_UILaunchStoryboardName = LaunchScreen;
				INFOPLIST_KEY_UIMainStoryboardFile = Main;
				INFOPLIST_KEY_UISupportedInterfaceOrientations_iPad = "UIInterfaceOrientationPortrait UIInterfaceOrientationPortraitUpsideDown UIInterfaceOrientationLandscapeLeft UIInterfaceOrientationLandscapeRight";
				INFOPLIST_KEY_UISupportedInterfaceOrientations_iPhone = "UIInterfaceOrientationPortrait UIInterfaceOrientationLandscapeLeft UIInterfaceOrientationLandscapeRight";
				LD_RUNPATH_SEARCH_PATHS = (
					"$(inherited)",
					"@executable_path/Frameworks",
				);
				MARKETING_VERSION = 1.0;
				PRODUCT_BUNDLE_IDENTIFIER = com.scit.Yomakase;
				PRODUCT_NAME = "$(TARGET_NAME)";
				SWIFT_EMIT_LOC_STRINGS = YES;
				SWIFT_VERSION = 5.0;
				TARGETED_DEVICE_FAMILY = "1,2";
			};
			name = Debug;
		};
		5A4CA1AC2C9135B600AE80DF /* Release */ = {
			isa = XCBuildConfiguration;
			buildSettings = {
				ASSETCATALOG_COMPILER_APPICON_NAME = AppIcon;
				ASSETCATALOG_COMPILER_GLOBAL_ACCENT_COLOR_NAME = AccentColor;
				CODE_SIGN_STYLE = Automatic;
				CURRENT_PROJECT_VERSION = 1;
				GENERATE_INFOPLIST_FILE = YES;
				INFOPLIST_FILE = Yomakase/Info.plist;
				INFOPLIST_KEY_UIApplicationSupportsIndirectInputEvents = YES;
				INFOPLIST_KEY_UILaunchStoryboardName = LaunchScreen;
				INFOPLIST_KEY_UIMainStoryboardFile = Main;
				INFOPLIST_KEY_UISupportedInterfaceOrientations_iPad = "UIInterfaceOrientationPortrait UIInterfaceOrientationPortraitUpsideDown UIInterfaceOrientationLandscapeLeft UIInterfaceOrientationLandscapeRight";
				INFOPLIST_KEY_UISupportedInterfaceOrientations_iPhone = "UIInterfaceOrientationPortrait UIInterfaceOrientationLandscapeLeft UIInterfaceOrientationLandscapeRight";
				LD_RUNPATH_SEARCH_PATHS = (
					"$(inherited)",
					"@executable_path/Frameworks",
				);
				MARKETING_VERSION = 1.0;
				PRODUCT_BUNDLE_IDENTIFIER = com.scit.Yomakase;
				PRODUCT_NAME = "$(TARGET_NAME)";
				SWIFT_EMIT_LOC_STRINGS = YES;
				SWIFT_VERSION = 5.0;
				TARGETED_DEVICE_FAMILY = "1,2";
			};
			name = Release;
		};
		5A4CA1AE2C9135B600AE80DF /* Debug */ = {
			isa = XCBuildConfiguration;
			buildSettings = {
				ALWAYS_EMBED_SWIFT_STANDARD_LIBRARIES = YES;
				BUNDLE_LOADER = "$(TEST_HOST)";
				CODE_SIGN_STYLE = Automatic;
				CURRENT_PROJECT_VERSION = 1;
				GENERATE_INFOPLIST_FILE = YES;
				IPHONEOS_DEPLOYMENT_TARGET = 17.5;
				MARKETING_VERSION = 1.0;
				PRODUCT_BUNDLE_IDENTIFIER = com.scit.YomakaseTests;
				PRODUCT_NAME = "$(TARGET_NAME)";
				SWIFT_EMIT_LOC_STRINGS = NO;
				SWIFT_VERSION = 5.0;
				TARGETED_DEVICE_FAMILY = "1,2";
				TEST_HOST = "$(BUILT_PRODUCTS_DIR)/Yomakase.app/$(BUNDLE_EXECUTABLE_FOLDER_PATH)/Yomakase";
			};
			name = Debug;
		};
		5A4CA1AF2C9135B600AE80DF /* Release */ = {
			isa = XCBuildConfiguration;
			buildSettings = {
				ALWAYS_EMBED_SWIFT_STANDARD_LIBRARIES = YES;
				BUNDLE_LOADER = "$(TEST_HOST)";
				CODE_SIGN_STYLE = Automatic;
				CURRENT_PROJECT_VERSION = 1;
				GENERATE_INFOPLIST_FILE = YES;
				IPHONEOS_DEPLOYMENT_TARGET = 17.5;
				MARKETING_VERSION = 1.0;
				PRODUCT_BUNDLE_IDENTIFIER = com.scit.YomakaseTests;
				PRODUCT_NAME = "$(TARGET_NAME)";
				SWIFT_EMIT_LOC_STRINGS = NO;
				SWIFT_VERSION = 5.0;
				TARGETED_DEVICE_FAMILY = "1,2";
				TEST_HOST = "$(BUILT_PRODUCTS_DIR)/Yomakase.app/$(BUNDLE_EXECUTABLE_FOLDER_PATH)/Yomakase";
			};
			name = Release;
		};
		5A4CA1B12C9135B600AE80DF /* Debug */ = {
			isa = XCBuildConfiguration;
			buildSettings = {
				ALWAYS_EMBED_SWIFT_STANDARD_LIBRARIES = YES;
				CODE_SIGN_STYLE = Automatic;
				CURRENT_PROJECT_VERSION = 1;
				GENERATE_INFOPLIST_FILE = YES;
				MARKETING_VERSION = 1.0;
				PRODUCT_BUNDLE_IDENTIFIER = com.scit.YomakaseUITests;
				PRODUCT_NAME = "$(TARGET_NAME)";
				SWIFT_EMIT_LOC_STRINGS = NO;
				SWIFT_VERSION = 5.0;
				TARGETED_DEVICE_FAMILY = "1,2";
				TEST_TARGET_NAME = Yomakase;
			};
			name = Debug;
		};
		5A4CA1B22C9135B600AE80DF /* Release */ = {
			isa = XCBuildConfiguration;
			buildSettings = {
				ALWAYS_EMBED_SWIFT_STANDARD_LIBRARIES = YES;
				CODE_SIGN_STYLE = Automatic;
				CURRENT_PROJECT_VERSION = 1;
				GENERATE_INFOPLIST_FILE = YES;
				MARKETING_VERSION = 1.0;
				PRODUCT_BUNDLE_IDENTIFIER = com.scit.YomakaseUITests;
				PRODUCT_NAME = "$(TARGET_NAME)";
				SWIFT_EMIT_LOC_STRINGS = NO;
				SWIFT_VERSION = 5.0;
				TARGETED_DEVICE_FAMILY = "1,2";
				TEST_TARGET_NAME = Yomakase;
			};
			name = Release;
		};
/* End XCBuildConfiguration section */

/* Begin XCConfigurationList section */
		5A4CA17B2C9135B500AE80DF /* Build configuration list for PBXProject "Yomakase" */ = {
			isa = XCConfigurationList;
			buildConfigurations = (
				5A4CA1A82C9135B600AE80DF /* Debug */,
				5A4CA1A92C9135B600AE80DF /* Release */,
			);
			defaultConfigurationIsVisible = 0;
			defaultConfigurationName = Release;
		};
		5A4CA1AA2C9135B600AE80DF /* Build configuration list for PBXNativeTarget "Yomakase" */ = {
			isa = XCConfigurationList;
			buildConfigurations = (
				5A4CA1AB2C9135B600AE80DF /* Debug */,
				5A4CA1AC2C9135B600AE80DF /* Release */,
			);
			defaultConfigurationIsVisible = 0;
			defaultConfigurationName = Release;
		};
		5A4CA1AD2C9135B600AE80DF /* Build configuration list for PBXNativeTarget "YomakaseTests" */ = {
			isa = XCConfigurationList;
			buildConfigurations = (
				5A4CA1AE2C9135B600AE80DF /* Debug */,
				5A4CA1AF2C9135B600AE80DF /* Release */,
			);
			defaultConfigurationIsVisible = 0;
			defaultConfigurationName = Release;
		};
		5A4CA1B02C9135B600AE80DF /* Build configuration list for PBXNativeTarget "YomakaseUITests" */ = {
			isa = XCConfigurationList;
			buildConfigurations = (
				5A4CA1B12C9135B600AE80DF /* Debug */,
				5A4CA1B22C9135B600AE80DF /* Release */,
			);
			defaultConfigurationIsVisible = 0;
			defaultConfigurationName = Release;
		};
/* End XCConfigurationList section */
	};
	rootObject = 5A4CA1782C9135B500AE80DF /* Project object */;
}
